<?xml version="1.0" encoding="utf-8"?>
<Project ToolsVersion="4.0" xmlns="http://schemas.microsoft.com/developer/msbuild/2003">
  <ItemGroup>
    <Filter Include="Source Files">
      <UniqueIdentifier>{4FC737F1-C7A5-4376-A066-2A32D752A2FF}</UniqueIdentifier>
      <Extensions>cpp;c;cc;cxx;c++;cppm;ixx;def;odl;idl;hpj;bat;asm;asmx;h;hh;hpp;hxx;h++;hm;inl;inc;ipp;xsd</Extensions>
    </Filter>
    <Filter Include="Resource Files">
      <UniqueIdentifier>{67DA6AB6-F800-4c08-8B7A-83BB121AAD01}</UniqueIdentifier>
      <Extensions>rc;ico;cur;bmp;dlg;rc2;rct;bin;rgs;gif;jpg;jpeg;jpe;resx;tiff;tif;png;wav;mfcribbon-ms</Extensions>
    </Filter>
    <Filter Include="Source Files\Engine">
      <UniqueIdentifier>{b6a04bfc-ffa2-428e-84af-c193380604cb}</UniqueIdentifier>
    </Filter>
    <Filter Include="Source Files\Engine\Interfaces">
      <UniqueIdentifier>{997d3356-5124-4d34-bb47-6e25945648e5}</UniqueIdentifier>
    </Filter>
    <Filter Include="Source Files\Engine\SDL">
      <UniqueIdentifier>{1b5aa68e-6273-407e-b62d-fd3e4fd1baf5}</UniqueIdentifier>
    </Filter>
    <Filter Include="Source Files\Game">
      <UniqueIdentifier>{27261ad1-efed-464d-a711-8fb9525f92ed}</UniqueIdentifier>
    </Filter>
    <Filter Include="Source Files\Game\Objects">
      <UniqueIdentifier>{0b0a893c-194f-45b7-9b06-436cbb3a2300}</UniqueIdentifier>
    </Filter>
    <Filter Include="Source Files\Game\Screens">
      <UniqueIdentifier>{2b45bb57-83a5-4eca-8921-d4f31199a049}</UniqueIdentifier>
    </Filter>
    <Filter Include="Source Files\Engine\Screens">
      <UniqueIdentifier>{78be42b1-4ee3-4bfb-b5bc-bb61231aa5c8}</UniqueIdentifier>
    </Filter>
    <Filter Include="Resource Files\Asteroids">
      <UniqueIdentifier>{bf9b9b4a-e158-405c-b0f7-06ffc675f485}</UniqueIdentifier>
    </Filter>
    <Filter Include="Resource Files\Ammunitions">
      <UniqueIdentifier>{4b67ec97-dd5e-44f4-9f2d-3b6a8557e124}</UniqueIdentifier>
    </Filter>
    <Filter Include="Resource Files\Backgrounds">
      <UniqueIdentifier>{61bce44f-6097-4c7d-ac77-64e349094366}</UniqueIdentifier>
    </Filter>
    <Filter Include="Resource Files\UI">
      <UniqueIdentifier>{394f1b08-6f8d-4046-9530-cc2d3c1c7648}</UniqueIdentifier>
    </Filter>
    <Filter Include="Resource Files\UI\Fonts">
      <UniqueIdentifier>{31869043-591c-444a-a6b8-d825da317d6e}</UniqueIdentifier>
    </Filter>
    <Filter Include="Resource Files\UI\Buttons">
      <UniqueIdentifier>{251124df-34c5-498f-b202-db836d0638b1}</UniqueIdentifier>
    </Filter>
    <Filter Include="Resource Files\Bonuses">
      <UniqueIdentifier>{c5aad071-4559-4e9c-a132-cf284dae3f3d}</UniqueIdentifier>
    </Filter>
    <Filter Include="Resource Files\Effects">
      <UniqueIdentifier>{ee9df7f2-ec59-4809-b9b9-962af412c8a0}</UniqueIdentifier>
    </Filter>
    <Filter Include="Resource Files\Ships">
      <UniqueIdentifier>{c3c212c1-7b26-46c3-8597-20aa8f138ba1}</UniqueIdentifier>
    </Filter>
    <Filter Include="Resource Files\Stars">
      <UniqueIdentifier>{961fbde7-2034-4381-8d3d-ce3bfa5155d4}</UniqueIdentifier>
    </Filter>
    <Filter Include="Source Files\Engine\Input">
      <UniqueIdentifier>{f30f68b4-b596-42b7-a55b-cb4ce1d2340b}</UniqueIdentifier>
    </Filter>
    <Filter Include="Source Files\Engine\Logging">
      <UniqueIdentifier>{310eff07-878f-4f91-8d81-3e3f3145d7c8}</UniqueIdentifier>
    </Filter>
    <Filter Include="Source Files\Game\Formats">
      <UniqueIdentifier>{b4f37a86-1859-4349-a994-0b70c84f7fbf}</UniqueIdentifier>
    </Filter>
  </ItemGroup>
  <ItemGroup>
    <None Include="packages.config" />
  </ItemGroup>
  <ItemGroup>
    <ClCompile Include="Engine\SDL\SDLWindow.cpp">
      <Filter>Source Files\Engine\SDL</Filter>
    </ClCompile>
    <ClCompile Include="Engine\SDL\SDLContext.cpp">
      <Filter>Source Files\Engine\SDL</Filter>
    </ClCompile>
    <ClCompile Include="Engine\SDL\SDLRenderer.cpp">
      <Filter>Source Files\Engine\SDL</Filter>
    </ClCompile>
    <ClCompile Include="Engine\FixedFrameRate.cpp">
      <Filter>Source Files\Engine</Filter>
    </ClCompile>
    <ClCompile Include="main.cpp">
      <Filter>Source Files</Filter>
    </ClCompile>
    <ClCompile Include="Engine\Screens\AScreensManager.cpp">
      <Filter>Source Files\Engine\Screens</Filter>
    </ClCompile>
    <ClCompile Include="Engine\Screens\AScreenState.cpp">
      <Filter>Source Files\Engine\Screens</Filter>
    </ClCompile>
    <ClCompile Include="Engine\AObject.cpp">
      <Filter>Source Files\Engine</Filter>
    </ClCompile>
    <ClCompile Include="EvilSpaceGame.cpp">
      <Filter>Source Files</Filter>
    </ClCompile>
    <ClCompile Include="Game\Screens\FScreensCreator.cpp">
      <Filter>Source Files\Game\Screens</Filter>
    </ClCompile>
    <ClCompile Include="Game\Screens\AMainScreen.cpp">
      <Filter>Source Files\Game\Screens</Filter>
    </ClCompile>
    <ClCompile Include="Game\Formats\FHAIFormat.cpp">
      <Filter>Source Files\Game\Formats</Filter>
    </ClCompile>
    <ClCompile Include="Engine\SDL\SDLSurface.cpp">
      <Filter>Source Files\Engine\SDL</Filter>
    </ClCompile>
    <ClCompile Include="Engine\SDL\SDLPalette.cpp">
      <Filter>Source Files\Engine\SDL</Filter>
    </ClCompile>
  </ItemGroup>
  <ItemGroup>
    <ClInclude Include="Engine\SDL\SDLWindow.h">
      <Filter>Source Files\Engine\SDL</Filter>
    </ClInclude>
    <ClInclude Include="Engine\SDL\SDLContext.h">
      <Filter>Source Files\Engine\SDL</Filter>
    </ClInclude>
    <ClInclude Include="Engine\SDL\SDLRenderer.h">
      <Filter>Source Files\Engine\SDL</Filter>
    </ClInclude>
    <ClInclude Include="Engine\CoreMinimal.h">
      <Filter>Source Files\Engine</Filter>
    </ClInclude>
    <ClInclude Include="Engine\FixedFrameRate.h">
      <Filter>Source Files\Engine</Filter>
    </ClInclude>
    <ClInclude Include="Engine\AObject.h">
      <Filter>Source Files\Engine</Filter>
    </ClInclude>
    <ClInclude Include="Engine\Interfaces\IMessageHendler.h">
      <Filter>Source Files\Engine\Interfaces</Filter>
    </ClInclude>
    <ClInclude Include="Engine\BasicTypes.h">
      <Filter>Source Files\Engine</Filter>
    </ClInclude>
    <ClInclude Include="Engine\Screens\AScreensManager.h">
      <Filter>Source Files\Engine\Screens</Filter>
    </ClInclude>
    <ClInclude Include="Engine\Screens\AScreenState.h">
      <Filter>Source Files\Engine\Screens</Filter>
    </ClInclude>
    <ClInclude Include="Engine\Interfaces\IInputHendler.h">
      <Filter>Source Files\Engine\Interfaces</Filter>
    </ClInclude>
    <ClInclude Include="Engine\Interfaces\IScreensCreator.h">
      <Filter>Source Files\Engine\Interfaces</Filter>
    </ClInclude>
    <ClInclude Include="EvilSpaceGame.h">
      <Filter>Source Files</Filter>
    </ClInclude>
    <ClInclude Include="Engine\SDL\SDLInputKeys.h">
      <Filter>Source Files\Engine\SDL</Filter>
    </ClInclude>
    <ClInclude Include="Engine\Input\InputEvents.h">
      <Filter>Source Files\Engine\Input</Filter>
    </ClInclude>
    <ClInclude Include="Engine\Logging\Macros.h">
      <Filter>Source Files\Engine\Logging</Filter>
    </ClInclude>
    <ClInclude Include="Game\Screens\FScreensCreator.h">
      <Filter>Source Files\Game\Screens</Filter>
    </ClInclude>
    <ClInclude Include="Game\Screens\AMainScreen.h">
      <Filter>Source Files\Game\Screens</Filter>
    </ClInclude>
    <ClInclude Include="Game\GameConfig.h">
      <Filter>Source Files\Game</Filter>
    </ClInclude>
    <ClInclude Include="Game\Formats\FHAIFormat.h">
      <Filter>Source Files\Game\Formats</Filter>
    </ClInclude>
    <ClInclude Include="Engine\SDL\SDLSurface.h">
      <Filter>Source Files\Engine\SDL</Filter>
    </ClInclude>
    <ClInclude Include="Engine\SDL\SDLPalette.h">
      <Filter>Source Files\Engine\SDL</Filter>
    </ClInclude>
    <ClInclude Include="Game\Formats\IFIleFormat.h">
      <Filter>Source Files\Game\Formats</Filter>
    </ClInclude>
  </ItemGroup>
  <ItemGroup>
    <Image Include="..\Assets\Ammunitions\W02_F.tif">
      <Filter>Resource Files\Ammunitions</Filter>
    </Image>
    <Image Include="..\Assets\Ammunitions\W03_F.tif">
      <Filter>Resource Files\Ammunitions</Filter>
    </Image>
    <Image Include="..\Assets\Ammunitions\W09_F.tif">
      <Filter>Resource Files\Ammunitions</Filter>
    </Image>
    <Image Include="..\Assets\Ammunitions\W15_F.tif">
      <Filter>Resource Files\Ammunitions</Filter>
    </Image>
    <Image Include="..\Assets\Asteroids\00.tif">
      <Filter>Resource Files\Asteroids</Filter>
    </Image>
    <Image Include="..\Assets\Asteroids\01.tif">
      <Filter>Resource Files\Asteroids</Filter>
    </Image>
    <Image Include="..\Assets\Asteroids\02.tif">
      <Filter>Resource Files\Asteroids</Filter>
    </Image>
    <Image Include="..\Assets\Asteroids\03.tif">
      <Filter>Resource Files\Asteroids</Filter>
    </Image>
    <Image Include="..\Assets\Asteroids\04.tif">
      <Filter>Resource Files\Asteroids</Filter>
    </Image>
    <Image Include="..\Assets\Asteroids\05.tif">
      <Filter>Resource Files\Asteroids</Filter>
    </Image>
    <Image Include="..\Assets\Asteroids\06.tif">
      <Filter>Resource Files\Asteroids</Filter>
    </Image>
    <Image Include="..\Assets\Asteroids\07.tif">
      <Filter>Resource Files\Asteroids</Filter>
    </Image>
    <Image Include="..\Assets\Asteroids\08.tif">
      <Filter>Resource Files\Asteroids</Filter>
    </Image>
    <Image Include="..\Assets\Asteroids\09.tif">
      <Filter>Resource Files\Asteroids</Filter>
    </Image>
    <Image Include="..\Assets\Asteroids\10.tif">
      <Filter>Resource Files\Asteroids</Filter>
    </Image>
    <Image Include="..\Assets\Asteroids\11.tif">
      <Filter>Resource Files\Asteroids</Filter>
    </Image>
    <Image Include="..\Assets\Asteroids\Blue01.tif">
      <Filter>Resource Files\Asteroids</Filter>
    </Image>
    <Image Include="..\Assets\Asteroids\Blue02.tif">
      <Filter>Resource Files\Asteroids</Filter>
    </Image>
    <Image Include="..\Assets\Asteroids\Blue03.tif">
      <Filter>Resource Files\Asteroids</Filter>
    </Image>
    <Image Include="..\Assets\Asteroids\Blue04.tif">
      <Filter>Resource Files\Asteroids</Filter>
    </Image>
    <Image Include="..\Assets\Backgrounds\bg.tif">
      <Filter>Resource Files\Backgrounds</Filter>
    </Image>
    <Image Include="..\Assets\Backgrounds\IMG.tif">
      <Filter>Resource Files\Backgrounds</Filter>
    </Image>
    <Image Include="..\Assets\UI\Buttons\About.tif">
      <Filter>Resource Files\UI\Buttons</Filter>
    </Image>
    <Image Include="..\Assets\UI\Buttons\Exit.tif">
      <Filter>Resource Files\UI\Buttons</Filter>
    </Image>
    <Image Include="..\Assets\UI\Buttons\Load.tif">
      <Filter>Resource Files\UI\Buttons</Filter>
    </Image>
    <Image Include="..\Assets\UI\Buttons\New.tif">
      <Filter>Resource Files\UI\Buttons</Filter>
    </Image>
    <Image Include="..\Assets\UI\Buttons\Records.tif">
      <Filter>Resource Files\UI\Buttons</Filter>
    </Image>
    <Image Include="..\Assets\UI\Buttons\Settings.tif">
      <Filter>Resource Files\UI\Buttons</Filter>
    </Image>
    <Image Include="..\Assets\Bonuses\1_01.tif">
      <Filter>Resource Files\Bonuses</Filter>
    </Image>
    <Image Include="..\Assets\Bonuses\1_02.tif">
      <Filter>Resource Files\Bonuses</Filter>
    </Image>
    <Image Include="..\Assets\Bonuses\1_03.tif">
      <Filter>Resource Files\Bonuses</Filter>
    </Image>
    <Image Include="..\Assets\Bonuses\Battery.tif">
      <Filter>Resource Files\Bonuses</Filter>
    </Image>
    <Image Include="..\Assets\Bonuses\Health.tif">
      <Filter>Resource Files\Bonuses</Filter>
    </Image>
    <Image Include="..\Assets\Bonuses\Invisibility.tif">
      <Filter>Resource Files\Bonuses</Filter>
    </Image>
    <Image Include="..\Assets\Bonuses\Power.tif">
      <Filter>Resource Files\Bonuses</Filter>
    </Image>
    <Image Include="..\Assets\Bonuses\Ring.tif">
      <Filter>Resource Files\Bonuses</Filter>
    </Image>
    <Image Include="..\Assets\Bonuses\Shield.tif">
      <Filter>Resource Files\Bonuses</Filter>
    </Image>
    <Image Include="..\Assets\Bonuses\Unknown.tif">
      <Filter>Resource Files\Bonuses</Filter>
    </Image>
    <Image Include="..\Assets\Effects\Bomb.tif">
      <Filter>Resource Files\Effects</Filter>
    </Image>
    <Image Include="..\Assets\Effects\des.tif">
      <Filter>Resource Files\Effects</Filter>
    </Image>
    <Image Include="..\Assets\Effects\Expl0.tif">
      <Filter>Resource Files\Effects</Filter>
    </Image>
    <Image Include="..\Assets\Effects\Expl1.tif">
      <Filter>Resource Files\Effects</Filter>
    </Image>
    <Image Include="..\Assets\Effects\ExplM.tif">
      <Filter>Resource Files\Effects</Filter>
    </Image>
    <Image Include="..\Assets\Effects\W02a_F.tif">
      <Filter>Resource Files\Effects</Filter>
    </Image>
    <Image Include="..\Assets\Effects\W03a_F.tif">
      <Filter>Resource Files\Effects</Filter>
    </Image>
    <Image Include="..\Assets\Effects\W04a_F.tif">
      <Filter>Resource Files\Effects</Filter>
    </Image>
    <Image Include="..\Assets\Effects\W09a_F.tif">
      <Filter>Resource Files\Effects</Filter>
    </Image>
    <Image Include="..\Assets\Effects\W15a_F.tif">
      <Filter>Resource Files\Effects</Filter>
    </Image>
    <Image Include="..\Assets\Ships\As.tif">
      <Filter>Resource Files\Ships</Filter>
    </Image>
    <Image Include="..\Assets\Ships\blazer1s.tif">
      <Filter>Resource Files\Ships</Filter>
    </Image>
    <Image Include="..\Assets\Ships\blazer2s.tif">
      <Filter>Resource Files\Ships</Filter>
    </Image>
    <Image Include="..\Assets\Ships\blazer3s.tif">
      <Filter>Resource Files\Ships</Filter>
    </Image>
    <Image Include="..\Assets\Ships\blazer4s.tif">
      <Filter>Resource Files\Ships</Filter>
    </Image>
    <Image Include="..\Assets\Ships\keller1s.tif">
      <Filter>Resource Files\Ships</Filter>
    </Image>
    <Image Include="..\Assets\Ships\keller2s.tif">
      <Filter>Resource Files\Ships</Filter>
    </Image>
    <Image Include="..\Assets\Ships\keller3s.tif">
      <Filter>Resource Files\Ships</Filter>
    </Image>
    <Image Include="..\Assets\Ships\keller4s.tif">
      <Filter>Resource Files\Ships</Filter>
    </Image>
    <Image Include="..\Assets\Ships\Terron1s.tif">
      <Filter>Resource Files\Ships</Filter>
    </Image>
    <Image Include="..\Assets\Ships\Terron2s.tif">
      <Filter>Resource Files\Ships</Filter>
    </Image>
    <Image Include="..\Assets\Ships\Terron3s.tif">
      <Filter>Resource Files\Ships</Filter>
    </Image>
    <Image Include="..\Assets\Ships\Terron4s.tif">
      <Filter>Resource Files\Ships</Filter>
    </Image>
    <Image Include="..\Assets\Stars\Star00.tif">
      <Filter>Resource Files\Stars</Filter>
    </Image>
    <Image Include="..\Assets\Stars\Star01.tif">
      <Filter>Resource Files\Stars</Filter>
    </Image>
    <Image Include="..\Assets\Stars\Star02.tif">
      <Filter>Resource Files\Stars</Filter>
    </Image>
    <Image Include="..\Assets\Stars\Star03.tif">
      <Filter>Resource Files\Stars</Filter>
    </Image>
    <Image Include="..\Assets\Stars\Star04.tif">
      <Filter>Resource Files\Stars</Filter>
    </Image>
    <Image Include="..\Assets\Stars\Star05.tif">
      <Filter>Resource Files\Stars</Filter>
    </Image>
    <Image Include="..\Assets\Stars\Star06.tif">
      <Filter>Resource Files\Stars</Filter>
    </Image>
    <Image Include="..\Assets\Stars\Star07.tif">
      <Filter>Resource Files\Stars</Filter>
    </Image>
    <Image Include="..\Assets\Stars\Star08.tif">
      <Filter>Resource Files\Stars</Filter>
    </Image>
  </ItemGroup>
</Project>