<?xml version="1.0" encoding="utf-8"?>
<Project ToolsVersion="4.0" xmlns="http://schemas.microsoft.com/developer/msbuild/2003">
  <ItemGroup>
    <Filter Include="Source Files">
      <UniqueIdentifier>{4FC737F1-C7A5-4376-A066-2A32D752A2FF}</UniqueIdentifier>
      <Extensions>cpp;c;cc;cxx;def;odl;idl;hpj;bat;asm;asmx</Extensions>
    </Filter>
    <Filter Include="Source Files\Bonus">
      <UniqueIdentifier>{88f58dde-1546-48a3-b5c7-d6c34d7db9c9}</UniqueIdentifier>
    </Filter>
    <Filter Include="Source Files\Ammunition">
      <UniqueIdentifier>{26549ec0-3c73-418b-8602-634209511e32}</UniqueIdentifier>
    </Filter>
    <Filter Include="Source Files\Effect">
      <UniqueIdentifier>{a2f3c868-2d1f-4a25-bb1b-7bb7d505b6e3}</UniqueIdentifier>
    </Filter>
    <Filter Include="Source Files\Drawing">
      <UniqueIdentifier>{d975d042-f961-4591-bc38-3527f96d5ea4}</UniqueIdentifier>
    </Filter>
    <Filter Include="Source Files\Objects">
      <UniqueIdentifier>{878928a3-46f7-4b9e-9fc8-67a2eb3c95e9}</UniqueIdentifier>
    </Filter>
    <Filter Include="Source Files\Weapon">
      <UniqueIdentifier>{fddbb4ce-4512-41af-81e3-e1853d1a63a6}</UniqueIdentifier>
    </Filter>
    <Filter Include="Source Files\Universe">
      <UniqueIdentifier>{fda09712-49fb-4e57-9aff-5179867d39d9}</UniqueIdentifier>
    </Filter>
    <Filter Include="Source Files\Ship">
      <UniqueIdentifier>{f27691c7-62bd-42cb-a323-f9f06f06d2cf}</UniqueIdentifier>
    </Filter>
    <Filter Include="Header Files">
      <UniqueIdentifier>{93995380-89BD-4b04-88EB-625FBE52EBFB}</UniqueIdentifier>
      <Extensions>h;hpp;hxx;hm;inl;inc;xsd</Extensions>
    </Filter>
    <Filter Include="Header Files\Bonus">
      <UniqueIdentifier>{8bc62062-5cad-4e01-a61c-c0cf763d4797}</UniqueIdentifier>
    </Filter>
    <Filter Include="Header Files\Ammunition">
      <UniqueIdentifier>{25508ae4-f4d2-4390-aa86-06e5f92f1828}</UniqueIdentifier>
    </Filter>
    <Filter Include="Header Files\Ship">
      <UniqueIdentifier>{749cbf35-0e6d-495b-837e-080da8fe82d2}</UniqueIdentifier>
    </Filter>
    <Filter Include="Header Files\Universe">
      <UniqueIdentifier>{96dadf2d-84d9-4a92-8d3c-463f0472ca6f}</UniqueIdentifier>
    </Filter>
    <Filter Include="Header Files\Effect">
      <UniqueIdentifier>{4f5b8824-a9cc-4874-8eb9-f6d71bc31694}</UniqueIdentifier>
    </Filter>
    <Filter Include="Header Files\Weapon">
      <UniqueIdentifier>{7e3ca0bb-e2c5-47f3-8099-12a155943b60}</UniqueIdentifier>
    </Filter>
    <Filter Include="Header Files\Drawing">
      <UniqueIdentifier>{8ebd4180-f534-4a0d-a224-7eb3dbd9105c}</UniqueIdentifier>
    </Filter>
    <Filter Include="Header Files\Objects">
      <UniqueIdentifier>{8caa43b4-0c25-4edb-af3c-f155948886b1}</UniqueIdentifier>
    </Filter>
    <Filter Include="Resource Files">
      <UniqueIdentifier>{67DA6AB6-F800-4c08-8B7A-83BB121AAD01}</UniqueIdentifier>
      <Extensions>rc;ico;cur;bmp;dlg;rc2;rct;bin;rgs;gif;jpg;jpeg;jpe;resx;tiff;tif;png;wav</Extensions>
    </Filter>
  </ItemGroup>
  <ItemGroup>
    <ClCompile Include="Game.cpp">
      <Filter>Source Files</Filter>
    </ClCompile>
    <ClCompile Include="Main.cpp">
      <Filter>Source Files</Filter>
    </ClCompile>
    <ClCompile Include="BatteryBonus.cpp">
      <Filter>Source Files\Bonus</Filter>
    </ClCompile>
    <ClCompile Include="Bonus.cpp">
      <Filter>Source Files\Bonus</Filter>
    </ClCompile>
    <ClCompile Include="HealthBonus.cpp">
      <Filter>Source Files\Bonus</Filter>
    </ClCompile>
    <ClCompile Include="InvisibilityBonus.cpp">
      <Filter>Source Files\Bonus</Filter>
    </ClCompile>
    <ClCompile Include="PowerBonus.cpp">
      <Filter>Source Files\Bonus</Filter>
    </ClCompile>
    <ClCompile Include="ShieldBonus.cpp">
      <Filter>Source Files\Bonus</Filter>
    </ClCompile>
    <ClCompile Include="Ammunition.cpp">
      <Filter>Source Files\Ammunition</Filter>
    </ClCompile>
    <ClCompile Include="BlueMissile.cpp">
      <Filter>Source Files\Ammunition</Filter>
    </ClCompile>
    <ClCompile Include="GreenMissile.cpp">
      <Filter>Source Files\Ammunition</Filter>
    </ClCompile>
    <ClCompile Include="AsteroidExplosion.cpp">
      <Filter>Source Files\Effect</Filter>
    </ClCompile>
    <ClCompile Include="BigExplosion.cpp">
      <Filter>Source Files\Effect</Filter>
    </ClCompile>
    <ClCompile Include="BlueExplosion.cpp">
      <Filter>Source Files\Effect</Filter>
    </ClCompile>
    <ClCompile Include="Effect.cpp">
      <Filter>Source Files\Effect</Filter>
    </ClCompile>
    <ClCompile Include="GreenExplosion.cpp">
      <Filter>Source Files\Effect</Filter>
    </ClCompile>
    <ClCompile Include="SmallExplosion.cpp">
      <Filter>Source Files\Effect</Filter>
    </ClCompile>
    <ClCompile Include="StaticExplosion.cpp">
      <Filter>Source Files\Effect</Filter>
    </ClCompile>
    <ClCompile Include="BufferedGraphics.cpp">
      <Filter>Source Files\Drawing</Filter>
    </ClCompile>
    <ClCompile Include="BufferedGraphicsContext.cpp">
      <Filter>Source Files\Drawing</Filter>
    </ClCompile>
    <ClCompile Include="GDIBitmap.cpp">
      <Filter>Source Files\Drawing</Filter>
    </ClCompile>
    <ClCompile Include="ImageButton.cpp">
      <Filter>Source Files\Drawing</Filter>
    </ClCompile>
    <ClCompile Include="TextBox.cpp">
      <Filter>Source Files\Drawing</Filter>
    </ClCompile>
    <ClCompile Include="Compositor.cpp">
      <Filter>Source Files\Objects</Filter>
    </ClCompile>
    <ClCompile Include="GameObject.cpp">
      <Filter>Source Files\Objects</Filter>
    </ClCompile>
    <ClCompile Include="GameTicks.cpp">
      <Filter>Source Files\Objects</Filter>
    </ClCompile>
    <ClCompile Include="InteractiveObject.cpp">
      <Filter>Source Files\Objects</Filter>
    </ClCompile>
    <ClCompile Include="Map.cpp">
      <Filter>Source Files\Objects</Filter>
    </ClCompile>
    <ClCompile Include="Random.cpp">
      <Filter>Source Files\Objects</Filter>
    </ClCompile>
    <ClCompile Include="BasicWeapon.cpp">
      <Filter>Source Files\Weapon</Filter>
    </ClCompile>
    <ClCompile Include="BigWeapon.cpp">
      <Filter>Source Files\Weapon</Filter>
    </ClCompile>
    <ClCompile Include="DoubleWeapon.cpp">
      <Filter>Source Files\Weapon</Filter>
    </ClCompile>
    <ClCompile Include="Weapon.cpp">
      <Filter>Source Files\Weapon</Filter>
    </ClCompile>
    <ClCompile Include="Asteroid.cpp">
      <Filter>Source Files\Universe</Filter>
    </ClCompile>
    <ClCompile Include="Universe.cpp">
      <Filter>Source Files\Universe</Filter>
    </ClCompile>
    <ClCompile Include="Enemy.cpp">
      <Filter>Source Files\Ship</Filter>
    </ClCompile>
    <ClCompile Include="Player.cpp">
      <Filter>Source Files\Ship</Filter>
    </ClCompile>
    <ClCompile Include="Ship.cpp">
      <Filter>Source Files\Ship</Filter>
    </ClCompile>
    <ClCompile Include="Frigates.cpp">
      <Filter>Source Files\Ship</Filter>
    </ClCompile>
    <ClCompile Include="Cruisers.cpp">
      <Filter>Source Files\Ship</Filter>
    </ClCompile>
    <ClCompile Include="Battlecruiser.cpp">
      <Filter>Source Files\Ship</Filter>
    </ClCompile>
    <ClCompile Include="bigMissile.cpp">
      <Filter>Source Files\Ammunition</Filter>
    </ClCompile>
    <ClCompile Include="Batteleship.cpp">
      <Filter>Source Files\Ship</Filter>
    </ClCompile>
    <ClCompile Include="MediumExplosion.cpp">
      <Filter>Source Files\Effect</Filter>
    </ClCompile>
  </ItemGroup>
  <ItemGroup>
    <ClInclude Include="Game.h">
      <Filter>Header Files</Filter>
    </ClInclude>
    <ClInclude Include="Main.h">
      <Filter>Header Files</Filter>
    </ClInclude>
    <ClInclude Include="stdafx.h">
      <Filter>Header Files</Filter>
    </ClInclude>
    <ClInclude Include="targetver.h">
      <Filter>Header Files</Filter>
    </ClInclude>
    <ClInclude Include="BatteryBonus.h">
      <Filter>Header Files\Bonus</Filter>
    </ClInclude>
    <ClInclude Include="Bonus.h">
      <Filter>Header Files\Bonus</Filter>
    </ClInclude>
    <ClInclude Include="HealthBonus.h">
      <Filter>Header Files\Bonus</Filter>
    </ClInclude>
    <ClInclude Include="InvisibilityBonus.h">
      <Filter>Header Files\Bonus</Filter>
    </ClInclude>
    <ClInclude Include="PowerBonus.h">
      <Filter>Header Files\Bonus</Filter>
    </ClInclude>
    <ClInclude Include="ShieldBonus.h">
      <Filter>Header Files\Bonus</Filter>
    </ClInclude>
    <ClInclude Include="Ammunition.h">
      <Filter>Header Files\Ammunition</Filter>
    </ClInclude>
    <ClInclude Include="BlueMissile.h">
      <Filter>Header Files\Ammunition</Filter>
    </ClInclude>
    <ClInclude Include="GreenMissile.h">
      <Filter>Header Files\Ammunition</Filter>
    </ClInclude>
    <ClInclude Include="Enemy.h">
      <Filter>Header Files\Ship</Filter>
    </ClInclude>
    <ClInclude Include="Player.h">
      <Filter>Header Files\Ship</Filter>
    </ClInclude>
    <ClInclude Include="Ship.h">
      <Filter>Header Files\Ship</Filter>
    </ClInclude>
    <ClInclude Include="Asteroid.h">
      <Filter>Header Files\Universe</Filter>
    </ClInclude>
    <ClInclude Include="Universe.h">
      <Filter>Header Files\Universe</Filter>
    </ClInclude>
    <ClInclude Include="AsteroidExplosion.h">
      <Filter>Header Files\Effect</Filter>
    </ClInclude>
    <ClInclude Include="BigExplosion.h">
      <Filter>Header Files\Effect</Filter>
    </ClInclude>
    <ClInclude Include="BlueExplosion.h">
      <Filter>Header Files\Effect</Filter>
    </ClInclude>
    <ClInclude Include="Effect.h">
      <Filter>Header Files\Effect</Filter>
    </ClInclude>
    <ClInclude Include="GreenExplosion.h">
      <Filter>Header Files\Effect</Filter>
    </ClInclude>
    <ClInclude Include="SmallExplosion.h">
      <Filter>Header Files\Effect</Filter>
    </ClInclude>
    <ClInclude Include="StaticExplosion.h">
      <Filter>Header Files\Effect</Filter>
    </ClInclude>
    <ClInclude Include="BasicWeapon.h">
      <Filter>Header Files\Weapon</Filter>
    </ClInclude>
    <ClInclude Include="BigWeapon.h">
      <Filter>Header Files\Weapon</Filter>
    </ClInclude>
    <ClInclude Include="DoubleWeapon.h">
      <Filter>Header Files\Weapon</Filter>
    </ClInclude>
    <ClInclude Include="Weapon.h">
      <Filter>Header Files\Weapon</Filter>
    </ClInclude>
    <ClInclude Include="BufferedGraphics.h">
      <Filter>Header Files\Drawing</Filter>
    </ClInclude>
    <ClInclude Include="BufferedGraphicsContext.h">
      <Filter>Header Files\Drawing</Filter>
    </ClInclude>
    <ClInclude Include="GDIBitmap.h">
      <Filter>Header Files\Drawing</Filter>
    </ClInclude>
    <ClInclude Include="ImageButton.h">
      <Filter>Header Files\Drawing</Filter>
    </ClInclude>
    <ClInclude Include="TextBox.h">
      <Filter>Header Files\Drawing</Filter>
    </ClInclude>
    <ClInclude Include="ArrayList.h">
      <Filter>Header Files\Objects</Filter>
    </ClInclude>
    <ClInclude Include="Compositor.h">
      <Filter>Header Files\Objects</Filter>
    </ClInclude>
    <ClInclude Include="GameObject.h">
      <Filter>Header Files\Objects</Filter>
    </ClInclude>
    <ClInclude Include="GameTicks.h">
      <Filter>Header Files\Objects</Filter>
    </ClInclude>
    <ClInclude Include="InteractiveObject.h">
      <Filter>Header Files\Objects</Filter>
    </ClInclude>
    <ClInclude Include="Keys.h">
      <Filter>Header Files\Objects</Filter>
    </ClInclude>
    <ClInclude Include="Map.h">
      <Filter>Header Files\Objects</Filter>
    </ClInclude>
    <ClInclude Include="Random.h">
      <Filter>Header Files\Objects</Filter>
    </ClInclude>
    <ClInclude Include="Frigates.h">
      <Filter>Header Files\Ship</Filter>
    </ClInclude>
    <ClInclude Include="Cruisers.h">
      <Filter>Header Files\Ship</Filter>
    </ClInclude>
    <ClInclude Include="Race.h">
      <Filter>Header Files</Filter>
    </ClInclude>
    <ClInclude Include="ShipType.h">
      <Filter>Header Files</Filter>
    </ClInclude>
    <ClInclude Include="Battlecruiser.h">
      <Filter>Header Files\Ship</Filter>
    </ClInclude>
    <ClInclude Include="BigMissile.h">
      <Filter>Header Files\Ammunition</Filter>
    </ClInclude>
    <ClInclude Include="Batteleship.h">
      <Filter>Header Files\Ship</Filter>
    </ClInclude>
    <ClInclude Include="MediumExplosion.h">
      <Filter>Header Files\Effect</Filter>
    </ClInclude>
  </ItemGroup>
  <ItemGroup>
    <None Include="ClassDiagram1.cd" />
  </ItemGroup>
</Project>